
Microsoft Visual Studio Solution File, Format Version 12.00
# Visual Studio 2013
VisualStudioVersion = 12.0.21005.1
MinimumVisualStudioVersion = 10.0.40219.1
Project("{F2A71F9B-5D33-465A-A702-920D77279786}") = "ServiceStackSelfHostWithRazor", "ServiceStackSelfHostWithRazor\ServiceStackSelfHostWithRazor.fsproj", "{F3C503A0-1A1C-49EA-93A9-C6BADED46662}"
EndProject
Global
	GlobalSection(SolutionConfigurationPlatforms) = preSolution
		Debug|Any CPU = Debug|Any CPU
		Release|Any CPU = Release|Any CPU
	EndGlobalSection
	GlobalSection(ProjectConfigurationPlatforms) = postSolution
		{F3C503A0-1A1C-49EA-93A9-C6BADED46662}.Debug|Any CPU.ActiveCfg = Debug|Any CPU
		{F3C503A0-1A1C-49EA-93A9-C6BADED46662}.Debug|Any CPU.Build.0 = Debug|Any CPU
		{F3C503A0-1A1C-49EA-93A9-C6BADED46662}.Release|Any CPU.ActiveCfg = Release|Any CPU
		{F3C503A0-1A1C-49EA-93A9-C6BADED46662}.Release|Any CPU.Build.0 = Release|Any CPU
	EndGlobalSection
	GlobalSection(SolutionProperties) = preSolution
		HideSolutionNode = FALSE
	EndGlobalSection
EndGlobal
