
Microsoft Visual Studio Solution File, Format Version 12.00
# Visual Studio 2013
VisualStudioVersion = 12.0.21005.1
MinimumVisualStudioVersion = 10.0.40219.1
Project("{FAE04EC0-301F-11D3-BF4B-00C04F79EFBC}") = "ServiceStackWebHost", "ServiceStackWebHost\ServiceStackWebHost.csproj", "{10673648-C446-4A79-8FBC-8EF1384DB181}"
EndProject
Project("{F2A71F9B-5D33-465A-A702-920D77279786}") = "FSharpServices", "Services\FSharpServices.fsproj", "{3EDBF5FF-6991-48D4-8CD3-519B97757AAE}"
EndProject
Global
	GlobalSection(SolutionConfigurationPlatforms) = preSolution
		Debug|Any CPU = Debug|Any CPU
		Release|Any CPU = Release|Any CPU
	EndGlobalSection
	GlobalSection(ProjectConfigurationPlatforms) = postSolution
		{10673648-C446-4A79-8FBC-8EF1384DB181}.Debug|Any CPU.ActiveCfg = Debug|Any CPU
		{10673648-C446-4A79-8FBC-8EF1384DB181}.Debug|Any CPU.Build.0 = Debug|Any CPU
		{10673648-C446-4A79-8FBC-8EF1384DB181}.Release|Any CPU.ActiveCfg = Release|Any CPU
		{10673648-C446-4A79-8FBC-8EF1384DB181}.Release|Any CPU.Build.0 = Release|Any CPU
		{3EDBF5FF-6991-48D4-8CD3-519B97757AAE}.Debug|Any CPU.ActiveCfg = Debug|Any CPU
		{3EDBF5FF-6991-48D4-8CD3-519B97757AAE}.Debug|Any CPU.Build.0 = Debug|Any CPU
		{3EDBF5FF-6991-48D4-8CD3-519B97757AAE}.Release|Any CPU.ActiveCfg = Release|Any CPU
		{3EDBF5FF-6991-48D4-8CD3-519B97757AAE}.Release|Any CPU.Build.0 = Release|Any CPU
	EndGlobalSection
	GlobalSection(SolutionProperties) = preSolution
		HideSolutionNode = FALSE
	EndGlobalSection
EndGlobal
